
Microsoft Visual Studio Solution File, Format Version 12.00
# Visual Studio 15
VisualStudioVersion = 15.0.27703.2047
MinimumVisualStudioVersion = 10.0.40219.1
Project("{FAE04EC0-301F-11D3-BF4B-00C04F79EFBC}") = "BugTracker", "BugTracker\BugTracker.csproj", "{4F0E0EF1-A8A9-43ED-8EEB-475E4AA51E09}"
EndProject
Global
	GlobalSection(SolutionConfigurationPlatforms) = preSolution
		Debug|Any CPU = Debug|Any CPU
		Release|Any CPU = Release|Any CPU
	EndGlobalSection
	GlobalSection(ProjectConfigurationPlatforms) = postSolution
		{4F0E0EF1-A8A9-43ED-8EEB-475E4AA51E09}.Debug|Any CPU.ActiveCfg = Debug|Any CPU
		{4F0E0EF1-A8A9-43ED-8EEB-475E4AA51E09}.Debug|Any CPU.Build.0 = Debug|Any CPU
		{4F0E0EF1-A8A9-43ED-8EEB-475E4AA51E09}.Release|Any CPU.ActiveCfg = Release|Any CPU
		{4F0E0EF1-A8A9-43ED-8EEB-475E4AA51E09}.Release|Any CPU.Build.0 = Release|Any CPU
	EndGlobalSection
	GlobalSection(SolutionProperties) = preSolution
		HideSolutionNode = FALSE
	EndGlobalSection
	GlobalSection(ExtensibilityGlobals) = postSolution
		SolutionGuid = {817E699F-094D-4A48-82A9-A1090A3B902C}
	EndGlobalSection
EndGlobal
